{
  "object": {
    "pins": [
      {
        "package": "ConfigWiseSDK",
        "repositoryURL": "https://github.com/configwise/configwise-sdk-ios-library",
        "state": {
          "branch": "master",
          "revision": "3a93872e138bf5a5093bb1a45b2599f9490ab61c",
          "version": null
        }
      },
      {
        "package": "Resolver",
        "repositoryURL": "https://github.com/hmlongco/Resolver",
        "state": {
          "branch": null,
          "revision": "97de0b0320036607564af4a60025b48f8d041221",
          "version": "1.5.0"
        }
      }
    ]
  },
  "version": 1
}
